{
  "nodes": {
    "dsluijk": {
      "locked": {
        "lastModified": 1728909153,
        "narHash": "sha256-A6VXmw94vdswzCAxYJ3Zh7e9TpO3bC0R19ZbNJjCVn4=",
        "owner": "dsluijk",
        "repo": "nixpkgs",
        "rev": "4117c7f7b143d14de2f9dfbd86ed5e1936634dbb",
        "type": "github"
      },
      "original": {
        "owner": "dsluijk",
        "repo": "nixpkgs",
        "type": "github"
      }
    },
    "nixpkgs": {
      "locked": {
        "lastModified": 1729880355,
        "narHash": "sha256-RP+OQ6koQQLX5nw0NmcDrzvGL8HDLnyXt/jHhL1jwjM=",
        "path": "/nix/store/wb6agba4kfsxpbnb5hzlq58vkjzvbsk6-source",
        "rev": "18536bf04cd71abd345f9579158841376fdd0c5a",
        "type": "path"
      },
      "original": {
        "id": "nixpkgs",
        "type": "indirect"
      }
    },
    "root": {
      "inputs": {
        "dsluijk": "dsluijk",
        "nixpkgs": "nixpkgs"
      }
    }
  },
  "root": "root",
  "version": 7
}
